
Microsoft Visual Studio Solution File, Format Version 12.00
# Visual Studio 2012
Project("{FAE04EC0-301F-11D3-BF4B-00C04F79EFBC}") = "Demo1", "Demo1\Demo1.csproj", "{535F8DD2-8A52-4A74-8CA0-DC7F211D3288}"
EndProject
Global
	GlobalSection(SolutionConfigurationPlatforms) = preSolution
		Debug|Any CPU = Debug|Any CPU
		Release|Any CPU = Release|Any CPU
	EndGlobalSection
	GlobalSection(ProjectConfigurationPlatforms) = postSolution
		{535F8DD2-8A52-4A74-8CA0-DC7F211D3288}.Debug|Any CPU.ActiveCfg = Debug|Any CPU
		{535F8DD2-8A52-4A74-8CA0-DC7F211D3288}.Debug|Any CPU.Build.0 = Debug|Any CPU
		{535F8DD2-8A52-4A74-8CA0-DC7F211D3288}.Debug|Any CPU.Deploy.0 = Debug|Any CPU
		{535F8DD2-8A52-4A74-8CA0-DC7F211D3288}.Release|Any CPU.ActiveCfg = Release|Any CPU
		{535F8DD2-8A52-4A74-8CA0-DC7F211D3288}.Release|Any CPU.Build.0 = Release|Any CPU
		{535F8DD2-8A52-4A74-8CA0-DC7F211D3288}.Release|Any CPU.Deploy.0 = Release|Any CPU
	EndGlobalSection
	GlobalSection(SolutionProperties) = preSolution
		HideSolutionNode = FALSE
	EndGlobalSection
EndGlobal
